# @generated by Move, please check-in and do not edit manually.

[move]
version = 3
manifest_digest = "23A121E274F7CAAFE2794914B4CA20E79C38CE5864DE8F146AD5EDA78A60886D"
deps_digest = "F8BBB0CCB2491CA29A3DF03D6F92277A4F3574266507ACD77214D37ECA3F3082"
dependencies = [
  { id = "Sui", name = "Sui" },
]

[[move.package]]
id = "MoveStdlib"
source = { git = "https://github.com/MystenLabs/sui.git", rev = "framework/testnet", subdir = "crates/sui-framework/packages/move-stdlib" }

[[move.package]]
id = "Sui"
source = { git = "https://github.com/MystenLabs/sui.git", rev = "framework/testnet", subdir = "crates/sui-framework/packages/sui-framework" }

dependencies = [
  { id = "MoveStdlib", name = "MoveStdlib" },
]

[move.toolchain-version]
compiler-version = "1.37.1"
edition = "2024.beta"
flavor = "sui"

[env]

[env.devnet]
chain-id = "e8c8eaba"
original-published-id = "0x26715015abd1cc88e691b3bea2384e9efb2865f37f2e5bbfed5d9a56d434f4bf"
latest-published-id = "0x26715015abd1cc88e691b3bea2384e9efb2865f37f2e5bbfed5d9a56d434f4bf"
published-version = "1"

[env.testnet]
chain-id = "4c78adac"
original-published-id = "0x5695433b8f6ec945c50827722d9dd6b0e92205bb91285ea8a62ec6801d55e618"
latest-published-id = "0x5695433b8f6ec945c50827722d9dd6b0e92205bb91285ea8a62ec6801d55e618"
published-version = "1"
